
Microsoft Visual Studio Solution File, Format Version 12.00
# Visual Studio Version 17
VisualStudioVersion = 17.13.35931.197 d17.13
MinimumVisualStudioVersion = 10.0.40219.1
Project("{FAE04EC0-301F-11D3-BF4B-00C04F79EFBC}") = "Rodney_Stock_WindowsFormApp", "Rodney_Stock_WindowsFormApp\Rodney_Stock_WindowsFormApp.csproj", "{58E9670E-A46C-4FA6-9531-0EA5425CF201}"
EndProject
Global
	GlobalSection(SolutionConfigurationPlatforms) = preSolution
		Debug|Any CPU = Debug|Any CPU
		Release|Any CPU = Release|Any CPU
	EndGlobalSection
	GlobalSection(ProjectConfigurationPlatforms) = postSolution
		{58E9670E-A46C-4FA6-9531-0EA5425CF201}.Debug|Any CPU.ActiveCfg = Debug|Any CPU
		{58E9670E-A46C-4FA6-9531-0EA5425CF201}.Debug|Any CPU.Build.0 = Debug|Any CPU
		{58E9670E-A46C-4FA6-9531-0EA5425CF201}.Release|Any CPU.ActiveCfg = Release|Any CPU
		{58E9670E-A46C-4FA6-9531-0EA5425CF201}.Release|Any CPU.Build.0 = Release|Any CPU
	EndGlobalSection
	GlobalSection(SolutionProperties) = preSolution
		HideSolutionNode = FALSE
	EndGlobalSection
	GlobalSection(ExtensibilityGlobals) = postSolution
		SolutionGuid = {99CF5A71-CD4D-45E2-80EA-98747C6764A1}
	EndGlobalSection
EndGlobal
